
Microsoft Visual Studio Solution File, Format Version 12.00
# Visual Studio Version 17
VisualStudioVersion = 17.2.32630.192
MinimumVisualStudioVersion = 10.0.40219.1
Project("{FAE04EC0-301F-11D3-BF4B-00C04F79EFBC}") = "T2TMessanger", "T2TMessanger\T2TMessanger.csproj", "{538600A3-5878-4BB1-8A8C-DEA14590482B}"
EndProject
Global
	GlobalSection(SolutionConfigurationPlatforms) = preSolution
		Debug|Any CPU = Debug|Any CPU
		Release|Any CPU = Release|Any CPU
	EndGlobalSection
	GlobalSection(ProjectConfigurationPlatforms) = postSolution
		{538600A3-5878-4BB1-8A8C-DEA14590482B}.Debug|Any CPU.ActiveCfg = Debug|Any CPU
		{538600A3-5878-4BB1-8A8C-DEA14590482B}.Debug|Any CPU.Build.0 = Debug|Any CPU
		{538600A3-5878-4BB1-8A8C-DEA14590482B}.Release|Any CPU.ActiveCfg = Release|Any CPU
		{538600A3-5878-4BB1-8A8C-DEA14590482B}.Release|Any CPU.Build.0 = Release|Any CPU
	EndGlobalSection
	GlobalSection(SolutionProperties) = preSolution
		HideSolutionNode = FALSE
	EndGlobalSection
	GlobalSection(ExtensibilityGlobals) = postSolution
		SolutionGuid = {C7453915-12B4-4F9B-BB4D-F19EC4D75062}
	EndGlobalSection
EndGlobal
